# @generated by Move, please check-in and do not edit manually.

[move]
version = 3
manifest_digest = "5D5CCA18F3D37D46718A88687FC30547D51C9903E8D93CC82A4A14AA7300FBA3"
deps_digest = "F8BBB0CCB2491CA29A3DF03D6F92277A4F3574266507ACD77214D37ECA3F3082"
dependencies = [
  { id = "Sui", name = "Sui" },
]

[[move.package]]
id = "MoveStdlib"
source = { git = "https://github.com/MystenLabs/sui.git", rev = "framework/testnet", subdir = "crates/sui-framework/packages/move-stdlib" }

[[move.package]]
id = "Sui"
source = { git = "https://github.com/MystenLabs/sui.git", rev = "framework/testnet", subdir = "crates/sui-framework/packages/sui-framework" }

dependencies = [
  { id = "MoveStdlib", name = "MoveStdlib" },
]

[move.toolchain-version]
compiler-version = "1.43.1"
edition = "2024.beta"
flavor = "sui"

[env]

[env.testnet]
chain-id = "4c78adac"
original-published-id = "0x5359070194381c8336aae775399ff19e91e9bd7cf946d0f4f11bb0218800f764"
latest-published-id = "0x5359070194381c8336aae775399ff19e91e9bd7cf946d0f4f11bb0218800f764"
published-version = "1"
